
Microsoft Visual Studio Solution File, Format Version 12.00
# Visual Studio Version 17
VisualStudioVersion = 17.4.33110.190
MinimumVisualStudioVersion = 10.0.40219.1
Project("{FAE04EC0-301F-11D3-BF4B-00C04F79EFBC}") = "Exercicios4", "Exercicios4\Exercicios4.csproj", "{D5FBB6E6-9054-4E27-988D-F8D775AC7FE3}"
EndProject
Global
	GlobalSection(SolutionConfigurationPlatforms) = preSolution
		Debug|Any CPU = Debug|Any CPU
		Release|Any CPU = Release|Any CPU
	EndGlobalSection
	GlobalSection(ProjectConfigurationPlatforms) = postSolution
		{D5FBB6E6-9054-4E27-988D-F8D775AC7FE3}.Debug|Any CPU.ActiveCfg = Debug|Any CPU
		{D5FBB6E6-9054-4E27-988D-F8D775AC7FE3}.Debug|Any CPU.Build.0 = Debug|Any CPU
		{D5FBB6E6-9054-4E27-988D-F8D775AC7FE3}.Release|Any CPU.ActiveCfg = Release|Any CPU
		{D5FBB6E6-9054-4E27-988D-F8D775AC7FE3}.Release|Any CPU.Build.0 = Release|Any CPU
	EndGlobalSection
	GlobalSection(SolutionProperties) = preSolution
		HideSolutionNode = FALSE
	EndGlobalSection
	GlobalSection(ExtensibilityGlobals) = postSolution
		SolutionGuid = {4548544F-9B47-4BBD-BFBA-05186BCFBCE6}
	EndGlobalSection
EndGlobal
