
Microsoft Visual Studio Solution File, Format Version 12.00
# Visual Studio Version 17
VisualStudioVersion = 17.4.33205.214
MinimumVisualStudioVersion = 10.0.40219.1
Project("{FAE04EC0-301F-11D3-BF4B-00C04F79EFBC}") = "FixationExercise", "FixationExercise\FixationExercise.csproj", "{0034B86C-04B9-45A2-ABF0-7B26969F2A85}"
EndProject
Global
	GlobalSection(SolutionConfigurationPlatforms) = preSolution
		Debug|Any CPU = Debug|Any CPU
		Release|Any CPU = Release|Any CPU
	EndGlobalSection
	GlobalSection(ProjectConfigurationPlatforms) = postSolution
		{0034B86C-04B9-45A2-ABF0-7B26969F2A85}.Debug|Any CPU.ActiveCfg = Debug|Any CPU
		{0034B86C-04B9-45A2-ABF0-7B26969F2A85}.Debug|Any CPU.Build.0 = Debug|Any CPU
		{0034B86C-04B9-45A2-ABF0-7B26969F2A85}.Release|Any CPU.ActiveCfg = Release|Any CPU
		{0034B86C-04B9-45A2-ABF0-7B26969F2A85}.Release|Any CPU.Build.0 = Release|Any CPU
	EndGlobalSection
	GlobalSection(SolutionProperties) = preSolution
		HideSolutionNode = FALSE
	EndGlobalSection
	GlobalSection(ExtensibilityGlobals) = postSolution
		SolutionGuid = {D9D51144-D347-4523-AE34-DD639E99842B}
	EndGlobalSection
EndGlobal
