
Microsoft Visual Studio Solution File, Format Version 12.00
# Visual Studio Version 17
VisualStudioVersion = 17.4.33205.214
MinimumVisualStudioVersion = 10.0.40219.1
Project("{FAE04EC0-301F-11D3-BF4B-00C04F79EFBC}") = "MulticastDelegates", "MulticastDelegates\MulticastDelegates.csproj", "{DDADABD5-E5E2-43ED-92AC-FAA71BB3E7BC}"
EndProject
Global
	GlobalSection(SolutionConfigurationPlatforms) = preSolution
		Debug|Any CPU = Debug|Any CPU
		Release|Any CPU = Release|Any CPU
	EndGlobalSection
	GlobalSection(ProjectConfigurationPlatforms) = postSolution
		{DDADABD5-E5E2-43ED-92AC-FAA71BB3E7BC}.Debug|Any CPU.ActiveCfg = Debug|Any CPU
		{DDADABD5-E5E2-43ED-92AC-FAA71BB3E7BC}.Debug|Any CPU.Build.0 = Debug|Any CPU
		{DDADABD5-E5E2-43ED-92AC-FAA71BB3E7BC}.Release|Any CPU.ActiveCfg = Release|Any CPU
		{DDADABD5-E5E2-43ED-92AC-FAA71BB3E7BC}.Release|Any CPU.Build.0 = Release|Any CPU
	EndGlobalSection
	GlobalSection(SolutionProperties) = preSolution
		HideSolutionNode = FALSE
	EndGlobalSection
	GlobalSection(ExtensibilityGlobals) = postSolution
		SolutionGuid = {2A4AB4E2-B8C4-49F5-95DB-81C251904C52}
	EndGlobalSection
EndGlobal
