
Microsoft Visual Studio Solution File, Format Version 12.00
# Visual Studio Version 17
VisualStudioVersion = 17.4.33205.214
MinimumVisualStudioVersion = 10.0.40219.1
Project("{FAE04EC0-301F-11D3-BF4B-00C04F79EFBC}") = "ExtensionMethods", "ExtensionMethods\ExtensionMethods.csproj", "{87EEA235-E14E-42DA-A388-53770F0F6363}"
EndProject
Global
	GlobalSection(SolutionConfigurationPlatforms) = preSolution
		Debug|Any CPU = Debug|Any CPU
		Release|Any CPU = Release|Any CPU
	EndGlobalSection
	GlobalSection(ProjectConfigurationPlatforms) = postSolution
		{87EEA235-E14E-42DA-A388-53770F0F6363}.Debug|Any CPU.ActiveCfg = Debug|Any CPU
		{87EEA235-E14E-42DA-A388-53770F0F6363}.Debug|Any CPU.Build.0 = Debug|Any CPU
		{87EEA235-E14E-42DA-A388-53770F0F6363}.Release|Any CPU.ActiveCfg = Release|Any CPU
		{87EEA235-E14E-42DA-A388-53770F0F6363}.Release|Any CPU.Build.0 = Release|Any CPU
	EndGlobalSection
	GlobalSection(SolutionProperties) = preSolution
		HideSolutionNode = FALSE
	EndGlobalSection
	GlobalSection(ExtensibilityGlobals) = postSolution
		SolutionGuid = {68646C75-4D8B-43DE-A8F2-9000561C58C3}
	EndGlobalSection
EndGlobal
