
Microsoft Visual Studio Solution File, Format Version 12.00
# Visual Studio Version 17
VisualStudioVersion = 17.4.33213.308
MinimumVisualStudioVersion = 10.0.40219.1
Project("{FAE04EC0-301F-11D3-BF4B-00C04F79EFBC}") = "Exercise", "Exercise\Exercise.csproj", "{C081E581-4311-4389-9A4A-58089B1F943C}"
EndProject
Global
	GlobalSection(SolutionConfigurationPlatforms) = preSolution
		Debug|Any CPU = Debug|Any CPU
		Release|Any CPU = Release|Any CPU
	EndGlobalSection
	GlobalSection(ProjectConfigurationPlatforms) = postSolution
		{C081E581-4311-4389-9A4A-58089B1F943C}.Debug|Any CPU.ActiveCfg = Debug|Any CPU
		{C081E581-4311-4389-9A4A-58089B1F943C}.Debug|Any CPU.Build.0 = Debug|Any CPU
		{C081E581-4311-4389-9A4A-58089B1F943C}.Release|Any CPU.ActiveCfg = Release|Any CPU
		{C081E581-4311-4389-9A4A-58089B1F943C}.Release|Any CPU.Build.0 = Release|Any CPU
	EndGlobalSection
	GlobalSection(SolutionProperties) = preSolution
		HideSolutionNode = FALSE
	EndGlobalSection
	GlobalSection(ExtensibilityGlobals) = postSolution
		SolutionGuid = {54EE7766-B295-4E55-8A6B-FDAEC102F887}
	EndGlobalSection
EndGlobal
