
Microsoft Visual Studio Solution File, Format Version 12.00
# Visual Studio Version 17
VisualStudioVersion = 17.4.33213.308
MinimumVisualStudioVersion = 10.0.40219.1
Project("{FAE04EC0-301F-11D3-BF4B-00C04F79EFBC}") = "FixationExercise", "FixationExercise\FixationExercise.csproj", "{DEACEFF5-DE89-4151-A263-55181F0CC92B}"
EndProject
Global
	GlobalSection(SolutionConfigurationPlatforms) = preSolution
		Debug|Any CPU = Debug|Any CPU
		Release|Any CPU = Release|Any CPU
	EndGlobalSection
	GlobalSection(ProjectConfigurationPlatforms) = postSolution
		{DEACEFF5-DE89-4151-A263-55181F0CC92B}.Debug|Any CPU.ActiveCfg = Debug|Any CPU
		{DEACEFF5-DE89-4151-A263-55181F0CC92B}.Debug|Any CPU.Build.0 = Debug|Any CPU
		{DEACEFF5-DE89-4151-A263-55181F0CC92B}.Release|Any CPU.ActiveCfg = Release|Any CPU
		{DEACEFF5-DE89-4151-A263-55181F0CC92B}.Release|Any CPU.Build.0 = Release|Any CPU
	EndGlobalSection
	GlobalSection(SolutionProperties) = preSolution
		HideSolutionNode = FALSE
	EndGlobalSection
	GlobalSection(ExtensibilityGlobals) = postSolution
		SolutionGuid = {022CDA38-7721-4904-A709-E5FA65B35F70}
	EndGlobalSection
EndGlobal
