
Microsoft Visual Studio Solution File, Format Version 12.00
# Visual Studio Version 17
VisualStudioVersion = 17.4.33110.190
MinimumVisualStudioVersion = 10.0.40219.1
Project("{FAE04EC0-301F-11D3-BF4B-00C04F79EFBC}") = "ExercicioFixação2", "ExercicioFixação2\ExercicioFixação2.csproj", "{B1072382-C5EA-45B4-89EC-D5008A4668B7}"
EndProject
Global
	GlobalSection(SolutionConfigurationPlatforms) = preSolution
		Debug|Any CPU = Debug|Any CPU
		Release|Any CPU = Release|Any CPU
	EndGlobalSection
	GlobalSection(ProjectConfigurationPlatforms) = postSolution
		{B1072382-C5EA-45B4-89EC-D5008A4668B7}.Debug|Any CPU.ActiveCfg = Debug|Any CPU
		{B1072382-C5EA-45B4-89EC-D5008A4668B7}.Debug|Any CPU.Build.0 = Debug|Any CPU
		{B1072382-C5EA-45B4-89EC-D5008A4668B7}.Release|Any CPU.ActiveCfg = Release|Any CPU
		{B1072382-C5EA-45B4-89EC-D5008A4668B7}.Release|Any CPU.Build.0 = Release|Any CPU
	EndGlobalSection
	GlobalSection(SolutionProperties) = preSolution
		HideSolutionNode = FALSE
	EndGlobalSection
	GlobalSection(ExtensibilityGlobals) = postSolution
		SolutionGuid = {84EA6412-11B7-452E-B838-6592AD06ADDC}
	EndGlobalSection
EndGlobal
