
Microsoft Visual Studio Solution File, Format Version 12.00
# Visual Studio Version 17
VisualStudioVersion = 17.4.33110.190
MinimumVisualStudioVersion = 10.0.40219.1
Project("{FAE04EC0-301F-11D3-BF4B-00C04F79EFBC}") = "Exercise1", "Exercise1\Exercise1.csproj", "{A32D71D7-5D66-4427-82AB-9847DDB438F3}"
EndProject
Global
	GlobalSection(SolutionConfigurationPlatforms) = preSolution
		Debug|Any CPU = Debug|Any CPU
		Release|Any CPU = Release|Any CPU
	EndGlobalSection
	GlobalSection(ProjectConfigurationPlatforms) = postSolution
		{A32D71D7-5D66-4427-82AB-9847DDB438F3}.Debug|Any CPU.ActiveCfg = Debug|Any CPU
		{A32D71D7-5D66-4427-82AB-9847DDB438F3}.Debug|Any CPU.Build.0 = Debug|Any CPU
		{A32D71D7-5D66-4427-82AB-9847DDB438F3}.Release|Any CPU.ActiveCfg = Release|Any CPU
		{A32D71D7-5D66-4427-82AB-9847DDB438F3}.Release|Any CPU.Build.0 = Release|Any CPU
	EndGlobalSection
	GlobalSection(SolutionProperties) = preSolution
		HideSolutionNode = FALSE
	EndGlobalSection
	GlobalSection(ExtensibilityGlobals) = postSolution
		SolutionGuid = {202AB1DA-7CA2-46D6-A8B6-B7CA00FC859E}
	EndGlobalSection
EndGlobal
