
Microsoft Visual Studio Solution File, Format Version 12.00
# Visual Studio Version 17
VisualStudioVersion = 17.4.33213.308
MinimumVisualStudioVersion = 10.0.40219.1
Project("{FAE04EC0-301F-11D3-BF4B-00C04F79EFBC}") = "Func", "Func\Func.csproj", "{919A9309-BEA6-4281-A259-DD0615C0113D}"
EndProject
Global
	GlobalSection(SolutionConfigurationPlatforms) = preSolution
		Debug|Any CPU = Debug|Any CPU
		Release|Any CPU = Release|Any CPU
	EndGlobalSection
	GlobalSection(ProjectConfigurationPlatforms) = postSolution
		{919A9309-BEA6-4281-A259-DD0615C0113D}.Debug|Any CPU.ActiveCfg = Debug|Any CPU
		{919A9309-BEA6-4281-A259-DD0615C0113D}.Debug|Any CPU.Build.0 = Debug|Any CPU
		{919A9309-BEA6-4281-A259-DD0615C0113D}.Release|Any CPU.ActiveCfg = Release|Any CPU
		{919A9309-BEA6-4281-A259-DD0615C0113D}.Release|Any CPU.Build.0 = Release|Any CPU
	EndGlobalSection
	GlobalSection(SolutionProperties) = preSolution
		HideSolutionNode = FALSE
	EndGlobalSection
	GlobalSection(ExtensibilityGlobals) = postSolution
		SolutionGuid = {CBAC7400-9FA7-47E5-80B7-BFF28D1E02CF}
	EndGlobalSection
EndGlobal
