
Microsoft Visual Studio Solution File, Format Version 12.00
# Visual Studio Version 17
VisualStudioVersion = 17.4.33110.190
MinimumVisualStudioVersion = 10.0.40219.1
Project("{FAE04EC0-301F-11D3-BF4B-00C04F79EFBC}") = "FixationExercise", "FixationExercise\FixationExercise.csproj", "{0B46426D-B60D-4994-B852-C4B20B26EC37}"
EndProject
Global
	GlobalSection(SolutionConfigurationPlatforms) = preSolution
		Debug|Any CPU = Debug|Any CPU
		Release|Any CPU = Release|Any CPU
	EndGlobalSection
	GlobalSection(ProjectConfigurationPlatforms) = postSolution
		{0B46426D-B60D-4994-B852-C4B20B26EC37}.Debug|Any CPU.ActiveCfg = Debug|Any CPU
		{0B46426D-B60D-4994-B852-C4B20B26EC37}.Debug|Any CPU.Build.0 = Debug|Any CPU
		{0B46426D-B60D-4994-B852-C4B20B26EC37}.Release|Any CPU.ActiveCfg = Release|Any CPU
		{0B46426D-B60D-4994-B852-C4B20B26EC37}.Release|Any CPU.Build.0 = Release|Any CPU
	EndGlobalSection
	GlobalSection(SolutionProperties) = preSolution
		HideSolutionNode = FALSE
	EndGlobalSection
	GlobalSection(ExtensibilityGlobals) = postSolution
		SolutionGuid = {76061EFF-2A25-4837-9610-2D9BF39C4C58}
	EndGlobalSection
EndGlobal
