
Microsoft Visual Studio Solution File, Format Version 12.00
# Visual Studio Version 17
VisualStudioVersion = 17.4.33110.190
MinimumVisualStudioVersion = 10.0.40219.1
Project("{FAE04EC0-301F-11D3-BF4B-00C04F79EFBC}") = "Vetores2", "Vetores2\Vetores2.csproj", "{CCD55CB7-F31E-4D82-A058-2F3C0857EEA1}"
EndProject
Global
	GlobalSection(SolutionConfigurationPlatforms) = preSolution
		Debug|Any CPU = Debug|Any CPU
		Release|Any CPU = Release|Any CPU
	EndGlobalSection
	GlobalSection(ProjectConfigurationPlatforms) = postSolution
		{CCD55CB7-F31E-4D82-A058-2F3C0857EEA1}.Debug|Any CPU.ActiveCfg = Debug|Any CPU
		{CCD55CB7-F31E-4D82-A058-2F3C0857EEA1}.Debug|Any CPU.Build.0 = Debug|Any CPU
		{CCD55CB7-F31E-4D82-A058-2F3C0857EEA1}.Release|Any CPU.ActiveCfg = Release|Any CPU
		{CCD55CB7-F31E-4D82-A058-2F3C0857EEA1}.Release|Any CPU.Build.0 = Release|Any CPU
	EndGlobalSection
	GlobalSection(SolutionProperties) = preSolution
		HideSolutionNode = FALSE
	EndGlobalSection
	GlobalSection(ExtensibilityGlobals) = postSolution
		SolutionGuid = {41277BA0-0887-4BD4-ACA0-68E64D156EEB}
	EndGlobalSection
EndGlobal
