
Microsoft Visual Studio Solution File, Format Version 12.00
# Visual Studio Version 17
VisualStudioVersion = 17.4.33205.214
MinimumVisualStudioVersion = 10.0.40219.1
Project("{FAE04EC0-301F-11D3-BF4B-00C04F79EFBC}") = "Conjuntos", "Conjuntos\Conjuntos.csproj", "{1C7721D6-07C2-4F9D-BB69-33479FC1B59D}"
EndProject
Global
	GlobalSection(SolutionConfigurationPlatforms) = preSolution
		Debug|Any CPU = Debug|Any CPU
		Release|Any CPU = Release|Any CPU
	EndGlobalSection
	GlobalSection(ProjectConfigurationPlatforms) = postSolution
		{1C7721D6-07C2-4F9D-BB69-33479FC1B59D}.Debug|Any CPU.ActiveCfg = Debug|Any CPU
		{1C7721D6-07C2-4F9D-BB69-33479FC1B59D}.Debug|Any CPU.Build.0 = Debug|Any CPU
		{1C7721D6-07C2-4F9D-BB69-33479FC1B59D}.Release|Any CPU.ActiveCfg = Release|Any CPU
		{1C7721D6-07C2-4F9D-BB69-33479FC1B59D}.Release|Any CPU.Build.0 = Release|Any CPU
	EndGlobalSection
	GlobalSection(SolutionProperties) = preSolution
		HideSolutionNode = FALSE
	EndGlobalSection
	GlobalSection(ExtensibilityGlobals) = postSolution
		SolutionGuid = {75CED088-E686-4812-A134-6FD6A58C9214}
	EndGlobalSection
EndGlobal
