
Microsoft Visual Studio Solution File, Format Version 12.00
# Visual Studio Version 17
VisualStudioVersion = 17.4.33213.308
MinimumVisualStudioVersion = 10.0.40219.1
Project("{FAE04EC0-301F-11D3-BF4B-00C04F79EFBC}") = "Predicate", "Predicate\Predicate.csproj", "{75E31A0D-B2AD-43A4-9F0C-FE46199FA1F7}"
EndProject
Global
	GlobalSection(SolutionConfigurationPlatforms) = preSolution
		Debug|Any CPU = Debug|Any CPU
		Release|Any CPU = Release|Any CPU
	EndGlobalSection
	GlobalSection(ProjectConfigurationPlatforms) = postSolution
		{75E31A0D-B2AD-43A4-9F0C-FE46199FA1F7}.Debug|Any CPU.ActiveCfg = Debug|Any CPU
		{75E31A0D-B2AD-43A4-9F0C-FE46199FA1F7}.Debug|Any CPU.Build.0 = Debug|Any CPU
		{75E31A0D-B2AD-43A4-9F0C-FE46199FA1F7}.Release|Any CPU.ActiveCfg = Release|Any CPU
		{75E31A0D-B2AD-43A4-9F0C-FE46199FA1F7}.Release|Any CPU.Build.0 = Release|Any CPU
	EndGlobalSection
	GlobalSection(SolutionProperties) = preSolution
		HideSolutionNode = FALSE
	EndGlobalSection
	GlobalSection(ExtensibilityGlobals) = postSolution
		SolutionGuid = {4693C000-1A66-41AB-A30B-43FA55B54119}
	EndGlobalSection
EndGlobal
