
Microsoft Visual Studio Solution File, Format Version 12.00
# Visual Studio Version 17
VisualStudioVersion = 17.4.33110.190
MinimumVisualStudioVersion = 10.0.40219.1
Project("{FAE04EC0-301F-11D3-BF4B-00C04F79EFBC}") = "Problema1", "Problema1\Problema1.csproj", "{7B19EA0D-7E0D-48CB-87EC-EF3C268477FD}"
EndProject
Global
	GlobalSection(SolutionConfigurationPlatforms) = preSolution
		Debug|Any CPU = Debug|Any CPU
		Release|Any CPU = Release|Any CPU
	EndGlobalSection
	GlobalSection(ProjectConfigurationPlatforms) = postSolution
		{7B19EA0D-7E0D-48CB-87EC-EF3C268477FD}.Debug|Any CPU.ActiveCfg = Debug|Any CPU
		{7B19EA0D-7E0D-48CB-87EC-EF3C268477FD}.Debug|Any CPU.Build.0 = Debug|Any CPU
		{7B19EA0D-7E0D-48CB-87EC-EF3C268477FD}.Release|Any CPU.ActiveCfg = Release|Any CPU
		{7B19EA0D-7E0D-48CB-87EC-EF3C268477FD}.Release|Any CPU.Build.0 = Release|Any CPU
	EndGlobalSection
	GlobalSection(SolutionProperties) = preSolution
		HideSolutionNode = FALSE
	EndGlobalSection
	GlobalSection(ExtensibilityGlobals) = postSolution
		SolutionGuid = {DEBA5667-2D27-4611-A6D2-3618EB1090CC}
	EndGlobalSection
EndGlobal
