
Microsoft Visual Studio Solution File, Format Version 12.00
# Visual Studio Version 17
VisualStudioVersion = 17.4.33205.214
MinimumVisualStudioVersion = 10.0.40219.1
Project("{FAE04EC0-301F-11D3-BF4B-00C04F79EFBC}") = "Exercise2", "Exercise2\Exercise2.csproj", "{4FB0DFF0-EBDA-4891-9A22-10E970225510}"
EndProject
Global
	GlobalSection(SolutionConfigurationPlatforms) = preSolution
		Debug|Any CPU = Debug|Any CPU
		Release|Any CPU = Release|Any CPU
	EndGlobalSection
	GlobalSection(ProjectConfigurationPlatforms) = postSolution
		{4FB0DFF0-EBDA-4891-9A22-10E970225510}.Debug|Any CPU.ActiveCfg = Debug|Any CPU
		{4FB0DFF0-EBDA-4891-9A22-10E970225510}.Debug|Any CPU.Build.0 = Debug|Any CPU
		{4FB0DFF0-EBDA-4891-9A22-10E970225510}.Release|Any CPU.ActiveCfg = Release|Any CPU
		{4FB0DFF0-EBDA-4891-9A22-10E970225510}.Release|Any CPU.Build.0 = Release|Any CPU
	EndGlobalSection
	GlobalSection(SolutionProperties) = preSolution
		HideSolutionNode = FALSE
	EndGlobalSection
	GlobalSection(ExtensibilityGlobals) = postSolution
		SolutionGuid = {B761CDEB-B3F0-4291-BE8C-959317DA7B35}
	EndGlobalSection
EndGlobal
